// !$*UTF8*$!
{
	archiveVersion = 1;
	classes = {
	};
	objectVersion = 56;
	objects = {

/* Begin PBXBuildFile section */
		A80538652BA495050067FEBB /* MedievalSharp-Regular.ttf in Resources */ = {isa = PBXBuildFile; fileRef = A80538642BA495050067FEBB /* MedievalSharp-Regular.ttf */; };
		A80538672BA499090067FEBB /* Montserrat-VariableFont_wght.ttf in Resources */ = {isa = PBXBuildFile; fileRef = A80538662BA499090067FEBB /* Montserrat-VariableFont_wght.ttf */; };
		A80538692BA49B280067FEBB /* Launch Screen.storyboard in Resources */ = {isa = PBXBuildFile; fileRef = A80538682BA49B280067FEBB /* Launch Screen.storyboard */; };
		A82201CA2BAA322400E05C43 /* AppBar.swift in Sources */ = {isa = PBXBuildFile; fileRef = A82201C92BAA322400E05C43 /* AppBar.swift */; };
		A82201CD2BAA336D00E05C43 /* ChooseCharacter.swift in Sources */ = {isa = PBXBuildFile; fileRef = A82201CC2BAA336D00E05C43 /* ChooseCharacter.swift */; };
		A82201D02BAA383C00E05C43 /* MainButtonStyle.swift in Sources */ = {isa = PBXBuildFile; fileRef = A82201CF2BAA383C00E05C43 /* MainButtonStyle.swift */; };
		A82C61802BAB95A7005FFCCA /* CreateNameView.swift in Sources */ = {isa = PBXBuildFile; fileRef = A82C617F2BAB95A7005FFCCA /* CreateNameView.swift */; };
		A82C61822BABA537005FFCCA /* KeyboardReadable.swift in Sources */ = {isa = PBXBuildFile; fileRef = A82C61812BABA537005FFCCA /* KeyboardReadable.swift */; };
		A8378EC32BAC441F0099D5F1 /* AncientLandsCoreData.xcdatamodeld in Sources */ = {isa = PBXBuildFile; fileRef = A8378EC12BAC441F0099D5F1 /* AncientLandsCoreData.xcdatamodeld */; };
		A8378EC52BAC4DA90099D5F1 /* CoreDataManager.swift in Sources */ = {isa = PBXBuildFile; fileRef = A8378EC42BAC4DA90099D5F1 /* CoreDataManager.swift */; };
		A8378EC72BAC4E820099D5F1 /* Functions.swift in Sources */ = {isa = PBXBuildFile; fileRef = A8378EC62BAC4E820099D5F1 /* Functions.swift */; };
		A8378EC92BAC58720099D5F1 /* CharacterViewModel.swift in Sources */ = {isa = PBXBuildFile; fileRef = A8378EC82BAC58720099D5F1 /* CharacterViewModel.swift */; };
		A8378ECB2BAC61940099D5F1 /* MainView.swift in Sources */ = {isa = PBXBuildFile; fileRef = A8378ECA2BAC61940099D5F1 /* MainView.swift */; };
		A8378ECD2BAC72CE0099D5F1 /* SettingsView.swift in Sources */ = {isa = PBXBuildFile; fileRef = A8378ECC2BAC72CE0099D5F1 /* SettingsView.swift */; };
		A84A6A512BAAFB0C0059955B /* OverlayView.swift in Sources */ = {isa = PBXBuildFile; fileRef = A84A6A502BAAFB0C0059955B /* OverlayView.swift */; };
		A84A6A532BAB1F660059955B /* CharacterDetailView.swift in Sources */ = {isa = PBXBuildFile; fileRef = A84A6A522BAB1F660059955B /* CharacterDetailView.swift */; };
		A84A6A552BAB21D40059955B /* AppSecondaryBar.swift in Sources */ = {isa = PBXBuildFile; fileRef = A84A6A542BAB21D40059955B /* AppSecondaryBar.swift */; };
		A84A6A572BAB23190059955B /* IconButtonStyle.swift in Sources */ = {isa = PBXBuildFile; fileRef = A84A6A562BAB23190059955B /* IconButtonStyle.swift */; };
		A84A6A592BAB240B0059955B /* PickCardSet.swift in Sources */ = {isa = PBXBuildFile; fileRef = A84A6A582BAB240B0059955B /* PickCardSet.swift */; };
		A84A6A5B2BAB2FC10059955B /* SmallCharacterCard.swift in Sources */ = {isa = PBXBuildFile; fileRef = A84A6A5A2BAB2FC10059955B /* SmallCharacterCard.swift */; };
		A84A6A5D2BAB445A0059955B /* TypeStartCards.swift in Sources */ = {isa = PBXBuildFile; fileRef = A84A6A5C2BAB445A0059955B /* TypeStartCards.swift */; };
		A84A6A5F2BAB4BDB0059955B /* BackOfCard.swift in Sources */ = {isa = PBXBuildFile; fileRef = A84A6A5E2BAB4BDB0059955B /* BackOfCard.swift */; };
		A84A6A612BAB5C020059955B /* BackCardSet.swift in Sources */ = {isa = PBXBuildFile; fileRef = A84A6A602BAB5C020059955B /* BackCardSet.swift */; };
		A84A6A632BAB62560059955B /* CardStorage.swift in Sources */ = {isa = PBXBuildFile; fileRef = A84A6A622BAB62560059955B /* CardStorage.swift */; };
		A84A6A672BAB72480059955B /* ItemCard.swift in Sources */ = {isa = PBXBuildFile; fileRef = A84A6A662BAB72480059955B /* ItemCard.swift */; };
		A87386092BA9ED79005C2123 /* Character.swift in Sources */ = {isa = PBXBuildFile; fileRef = A87386082BA9ED79005C2123 /* Character.swift */; };
		A873860C2BA9EE5C005C2123 /* TypeOfCharacter.swift in Sources */ = {isa = PBXBuildFile; fileRef = A873860B2BA9EE5C005C2123 /* TypeOfCharacter.swift */; };
		A87386112BA9F2F4005C2123 /* Equipment.swift in Sources */ = {isa = PBXBuildFile; fileRef = A87386102BA9F2F4005C2123 /* Equipment.swift */; };
		A87386132BAA0F5C005C2123 /* ItemCardModel.swift in Sources */ = {isa = PBXBuildFile; fileRef = A87386122BAA0F5C005C2123 /* ItemCardModel.swift */; };
		A87386152BAA0F6C005C2123 /* ItemType.swift in Sources */ = {isa = PBXBuildFile; fileRef = A87386142BAA0F6C005C2123 /* ItemType.swift */; };
		A87386172BAA1E46005C2123 /* CharacterCard.swift in Sources */ = {isa = PBXBuildFile; fileRef = A87386162BAA1E46005C2123 /* CharacterCard.swift */; };
		A8F2FD892BA47E03007E7598 /* Ancient_LandsApp.swift in Sources */ = {isa = PBXBuildFile; fileRef = A8F2FD882BA47E03007E7598 /* Ancient_LandsApp.swift */; };
		A8F2FD8B2BA47E03007E7598 /* LoadingView.swift in Sources */ = {isa = PBXBuildFile; fileRef = A8F2FD8A2BA47E03007E7598 /* LoadingView.swift */; };
		A8F2FD8D2BA47E05007E7598 /* Assets.xcassets in Resources */ = {isa = PBXBuildFile; fileRef = A8F2FD8C2BA47E05007E7598 /* Assets.xcassets */; };
		A8F2FD902BA47E05007E7598 /* Preview Assets.xcassets in Resources */ = {isa = PBXBuildFile; fileRef = A8F2FD8F2BA47E05007E7598 /* Preview Assets.xcassets */; };
		A8F2FD9C2BA482D1007E7598 /* LottieView.swift in Sources */ = {isa = PBXBuildFile; fileRef = A8F2FD9B2BA482D1007E7598 /* LottieView.swift */; };
		A8F2FD9F2BA487F9007E7598 /* Lottie in Frameworks */ = {isa = PBXBuildFile; productRef = A8F2FD9E2BA487F9007E7598 /* Lottie */; };
/* End PBXBuildFile section */

/* Begin PBXFileReference section */
		A80538642BA495050067FEBB /* MedievalSharp-Regular.ttf */ = {isa = PBXFileReference; lastKnownFileType = file; path = "MedievalSharp-Regular.ttf"; sourceTree = "<group>"; };
		A80538662BA499090067FEBB /* Montserrat-VariableFont_wght.ttf */ = {isa = PBXFileReference; lastKnownFileType = file; path = "Montserrat-VariableFont_wght.ttf"; sourceTree = "<group>"; };
		A80538682BA49B280067FEBB /* Launch Screen.storyboard */ = {isa = PBXFileReference; lastKnownFileType = file.storyboard; path = "Launch Screen.storyboard"; sourceTree = "<group>"; };
		A82201C92BAA322400E05C43 /* AppBar.swift */ = {isa = PBXFileReference; lastKnownFileType = sourcecode.swift; path = AppBar.swift; sourceTree = "<group>"; };
		A82201CC2BAA336D00E05C43 /* ChooseCharacter.swift */ = {isa = PBXFileReference; lastKnownFileType = sourcecode.swift; path = ChooseCharacter.swift; sourceTree = "<group>"; };
		A82201CF2BAA383C00E05C43 /* MainButtonStyle.swift */ = {isa = PBXFileReference; lastKnownFileType = sourcecode.swift; path = MainButtonStyle.swift; sourceTree = "<group>"; };
		A82C617F2BAB95A7005FFCCA /* CreateNameView.swift */ = {isa = PBXFileReference; lastKnownFileType = sourcecode.swift; path = CreateNameView.swift; sourceTree = "<group>"; };
		A82C61812BABA537005FFCCA /* KeyboardReadable.swift */ = {isa = PBXFileReference; lastKnownFileType = sourcecode.swift; path = KeyboardReadable.swift; sourceTree = "<group>"; };
		A8378EC22BAC441F0099D5F1 /* AncientLandsCoreData.xcdatamodel */ = {isa = PBXFileReference; lastKnownFileType = wrapper.xcdatamodel; path = AncientLandsCoreData.xcdatamodel; sourceTree = "<group>"; };
		A8378EC42BAC4DA90099D5F1 /* CoreDataManager.swift */ = {isa = PBXFileReference; lastKnownFileType = sourcecode.swift; path = CoreDataManager.swift; sourceTree = "<group>"; };
		A8378EC62BAC4E820099D5F1 /* Functions.swift */ = {isa = PBXFileReference; lastKnownFileType = sourcecode.swift; path = Functions.swift; sourceTree = "<group>"; };
		A8378EC82BAC58720099D5F1 /* CharacterViewModel.swift */ = {isa = PBXFileReference; lastKnownFileType = sourcecode.swift; path = CharacterViewModel.swift; sourceTree = "<group>"; };
		A8378ECA2BAC61940099D5F1 /* MainView.swift */ = {isa = PBXFileReference; lastKnownFileType = sourcecode.swift; path = MainView.swift; sourceTree = "<group>"; };
		A8378ECC2BAC72CE0099D5F1 /* SettingsView.swift */ = {isa = PBXFileReference; lastKnownFileType = sourcecode.swift; path = SettingsView.swift; sourceTree = "<group>"; };
		A84A6A502BAAFB0C0059955B /* OverlayView.swift */ = {isa = PBXFileReference; lastKnownFileType = sourcecode.swift; path = OverlayView.swift; sourceTree = "<group>"; };
		A84A6A522BAB1F660059955B /* CharacterDetailView.swift */ = {isa = PBXFileReference; lastKnownFileType = sourcecode.swift; path = CharacterDetailView.swift; sourceTree = "<group>"; };
		A84A6A542BAB21D40059955B /* AppSecondaryBar.swift */ = {isa = PBXFileReference; lastKnownFileType = sourcecode.swift; path = AppSecondaryBar.swift; sourceTree = "<group>"; };
		A84A6A562BAB23190059955B /* IconButtonStyle.swift */ = {isa = PBXFileReference; lastKnownFileType = sourcecode.swift; path = IconButtonStyle.swift; sourceTree = "<group>"; };
		A84A6A582BAB240B0059955B /* PickCardSet.swift */ = {isa = PBXFileReference; lastKnownFileType = sourcecode.swift; path = PickCardSet.swift; sourceTree = "<group>"; };
		A84A6A5A2BAB2FC10059955B /* SmallCharacterCard.swift */ = {isa = PBXFileReference; lastKnownFileType = sourcecode.swift; path = SmallCharacterCard.swift; sourceTree = "<group>"; };
		A84A6A5C2BAB445A0059955B /* TypeStartCards.swift */ = {isa = PBXFileReference; lastKnownFileType = sourcecode.swift; path = TypeStartCards.swift; sourceTree = "<group>"; };
		A84A6A5E2BAB4BDB0059955B /* BackOfCard.swift */ = {isa = PBXFileReference; lastKnownFileType = sourcecode.swift; path = BackOfCard.swift; sourceTree = "<group>"; };
		A84A6A602BAB5C020059955B /* BackCardSet.swift */ = {isa = PBXFileReference; lastKnownFileType = sourcecode.swift; path = BackCardSet.swift; sourceTree = "<group>"; };
		A84A6A622BAB62560059955B /* CardStorage.swift */ = {isa = PBXFileReference; lastKnownFileType = sourcecode.swift; path = CardStorage.swift; sourceTree = "<group>"; };
		A84A6A662BAB72480059955B /* ItemCard.swift */ = {isa = PBXFileReference; lastKnownFileType = sourcecode.swift; path = ItemCard.swift; sourceTree = "<group>"; };
		A87386082BA9ED79005C2123 /* Character.swift */ = {isa = PBXFileReference; lastKnownFileType = sourcecode.swift; path = Character.swift; sourceTree = "<group>"; };
		A873860B2BA9EE5C005C2123 /* TypeOfCharacter.swift */ = {isa = PBXFileReference; lastKnownFileType = sourcecode.swift; path = TypeOfCharacter.swift; sourceTree = "<group>"; };
		A87386102BA9F2F4005C2123 /* Equipment.swift */ = {isa = PBXFileReference; lastKnownFileType = sourcecode.swift; path = Equipment.swift; sourceTree = "<group>"; };
		A87386122BAA0F5C005C2123 /* ItemCardModel.swift */ = {isa = PBXFileReference; lastKnownFileType = sourcecode.swift; path = ItemCardModel.swift; sourceTree = "<group>"; };
		A87386142BAA0F6C005C2123 /* ItemType.swift */ = {isa = PBXFileReference; lastKnownFileType = sourcecode.swift; path = ItemType.swift; sourceTree = "<group>"; };
		A87386162BAA1E46005C2123 /* CharacterCard.swift */ = {isa = PBXFileReference; lastKnownFileType = sourcecode.swift; path = CharacterCard.swift; sourceTree = "<group>"; };
		A8F2FD852BA47E03007E7598 /* Ancient Lands.app */ = {isa = PBXFileReference; explicitFileType = wrapper.application; includeInIndex = 0; path = "Ancient Lands.app"; sourceTree = BUILT_PRODUCTS_DIR; };
		A8F2FD882BA47E03007E7598 /* Ancient_LandsApp.swift */ = {isa = PBXFileReference; lastKnownFileType = sourcecode.swift; path = Ancient_LandsApp.swift; sourceTree = "<group>"; };
		A8F2FD8A2BA47E03007E7598 /* LoadingView.swift */ = {isa = PBXFileReference; lastKnownFileType = sourcecode.swift; path = LoadingView.swift; sourceTree = "<group>"; };
		A8F2FD8C2BA47E05007E7598 /* Assets.xcassets */ = {isa = PBXFileReference; lastKnownFileType = folder.assetcatalog; path = Assets.xcassets; sourceTree = "<group>"; };
		A8F2FD8F2BA47E05007E7598 /* Preview Assets.xcassets */ = {isa = PBXFileReference; lastKnownFileType = folder.assetcatalog; path = "Preview Assets.xcassets"; sourceTree = "<group>"; };
		A8F2FD9B2BA482D1007E7598 /* LottieView.swift */ = {isa = PBXFileReference; lastKnownFileType = sourcecode.swift; path = LottieView.swift; sourceTree = "<group>"; };
/* End PBXFileReference section */

/* Begin PBXFrameworksBuildPhase section */
		A8F2FD822BA47E03007E7598 /* Frameworks */ = {
			isa = PBXFrameworksBuildPhase;
			buildActionMask = 2147483647;
			files = (
				A8F2FD9F2BA487F9007E7598 /* Lottie in Frameworks */,
			);
			runOnlyForDeploymentPostprocessing = 0;
		};
/* End PBXFrameworksBuildPhase section */

/* Begin PBXGroup section */
		A80538632BA494D40067FEBB /* Fonts */ = {
			isa = PBXGroup;
			children = (
				A80538662BA499090067FEBB /* Montserrat-VariableFont_wght.ttf */,
				A80538642BA495050067FEBB /* MedievalSharp-Regular.ttf */,
			);
			path = Fonts;
			sourceTree = "<group>";
		};
		A82201CB2BAA335000E05C43 /* CreateCharacterViews */ = {
			isa = PBXGroup;
			children = (
				A82201CC2BAA336D00E05C43 /* ChooseCharacter.swift */,
				A84A6A582BAB240B0059955B /* PickCardSet.swift */,
				A82C617F2BAB95A7005FFCCA /* CreateNameView.swift */,
			);
			path = CreateCharacterViews;
			sourceTree = "<group>";
		};
		A82201CE2BAA382000E05C43 /* Utils */ = {
			isa = PBXGroup;
			children = (
				A82201CF2BAA383C00E05C43 /* MainButtonStyle.swift */,
				A84A6A562BAB23190059955B /* IconButtonStyle.swift */,
				A82C61812BABA537005FFCCA /* KeyboardReadable.swift */,
				A8378EC62BAC4E820099D5F1 /* Functions.swift */,
			);
			path = Utils;
			sourceTree = "<group>";
		};
		A873860A2BA9EE35005C2123 /* Character */ = {
			isa = PBXGroup;
			children = (
				A87386082BA9ED79005C2123 /* Character.swift */,
				A873860B2BA9EE5C005C2123 /* TypeOfCharacter.swift */,
				A87386102BA9F2F4005C2123 /* Equipment.swift */,
				A84A6A5C2BAB445A0059955B /* TypeStartCards.swift */,
			);
			path = Character;
			sourceTree = "<group>";
		};
		A873860D2BA9EF5A005C2123 /* ItemCard */ = {
			isa = PBXGroup;
			children = (
				A87386122BAA0F5C005C2123 /* ItemCardModel.swift */,
				A87386142BAA0F6C005C2123 /* ItemType.swift */,
			);
			path = ItemCard;
			sourceTree = "<group>";
		};
		A8B0D9FE2BA5AF6800B3CDCB /* Models */ = {
			isa = PBXGroup;
			children = (
				A873860D2BA9EF5A005C2123 /* ItemCard */,
				A873860A2BA9EE35005C2123 /* Character */,
			);
			path = Models;
			sourceTree = "<group>";
		};
		A8F2FD7C2BA47E03007E7598 = {
			isa = PBXGroup;
			children = (
				A8F2FD872BA47E03007E7598 /* Ancient Lands */,
				A8F2FD862BA47E03007E7598 /* Products */,
			);
			sourceTree = "<group>";
		};
		A8F2FD862BA47E03007E7598 /* Products */ = {
			isa = PBXGroup;
			children = (
				A8F2FD852BA47E03007E7598 /* Ancient Lands.app */,
			);
			name = Products;
			sourceTree = "<group>";
		};
		A8F2FD872BA47E03007E7598 /* Ancient Lands */ = {
			isa = PBXGroup;
			children = (
				A8F2FD882BA47E03007E7598 /* Ancient_LandsApp.swift */,
				A80538682BA49B280067FEBB /* Launch Screen.storyboard */,
				A8F2FD972BA48016007E7598 /* Data */,
				A8B0D9FE2BA5AF6800B3CDCB /* Models */,
				A8F2FD982BA48029007E7598 /* ViewModels */,
				A8F2FD992BA48030007E7598 /* Views */,
				A8F2FD962BA4800C007E7598 /* Components */,
				A82201CE2BAA382000E05C43 /* Utils */,
				A8F2FD9A2BA4817D007E7598 /* Resources */,
				A8F2FD8E2BA47E05007E7598 /* Preview Content */,
			);
			path = "Ancient Lands";
			sourceTree = "<group>";
		};
		A8F2FD8E2BA47E05007E7598 /* Preview Content */ = {
			isa = PBXGroup;
			children = (
				A8F2FD8F2BA47E05007E7598 /* Preview Assets.xcassets */,
			);
			path = "Preview Content";
			sourceTree = "<group>";
		};
		A8F2FD962BA4800C007E7598 /* Components */ = {
			isa = PBXGroup;
			children = (
				A84A6A502BAAFB0C0059955B /* OverlayView.swift */,
				A8F2FD9B2BA482D1007E7598 /* LottieView.swift */,
				A87386162BAA1E46005C2123 /* CharacterCard.swift */,
				A82201C92BAA322400E05C43 /* AppBar.swift */,
				A84A6A542BAB21D40059955B /* AppSecondaryBar.swift */,
				A84A6A5A2BAB2FC10059955B /* SmallCharacterCard.swift */,
				A84A6A5E2BAB4BDB0059955B /* BackOfCard.swift */,
				A84A6A602BAB5C020059955B /* BackCardSet.swift */,
				A84A6A662BAB72480059955B /* ItemCard.swift */,
			);
			path = Components;
			sourceTree = "<group>";
		};
		A8F2FD972BA48016007E7598 /* Data */ = {
			isa = PBXGroup;
			children = (
				A84A6A622BAB62560059955B /* CardStorage.swift */,
				A8378EC12BAC441F0099D5F1 /* AncientLandsCoreData.xcdatamodeld */,
				A8378EC42BAC4DA90099D5F1 /* CoreDataManager.swift */,
			);
			path = Data;
			sourceTree = "<group>";
		};
		A8F2FD982BA48029007E7598 /* ViewModels */ = {
			isa = PBXGroup;
			children = (
				A8378EC82BAC58720099D5F1 /* CharacterViewModel.swift */,
			);
			path = ViewModels;
			sourceTree = "<group>";
		};
		A8F2FD992BA48030007E7598 /* Views */ = {
			isa = PBXGroup;
			children = (
				A82201CB2BAA335000E05C43 /* CreateCharacterViews */,
				A8F2FD8A2BA47E03007E7598 /* LoadingView.swift */,
				A84A6A522BAB1F660059955B /* CharacterDetailView.swift */,
				A8378ECA2BAC61940099D5F1 /* MainView.swift */,
				A8378ECC2BAC72CE0099D5F1 /* SettingsView.swift */,
			);
			path = Views;
			sourceTree = "<group>";
		};
		A8F2FD9A2BA4817D007E7598 /* Resources */ = {
			isa = PBXGroup;
			children = (
				A80538632BA494D40067FEBB /* Fonts */,
				A8F2FD8C2BA47E05007E7598 /* Assets.xcassets */,
			);
			path = Resources;
			sourceTree = "<group>";
		};
/* End PBXGroup section */

/* Begin PBXNativeTarget section */
		A8F2FD842BA47E03007E7598 /* Ancient Lands */ = {
			isa = PBXNativeTarget;
			buildConfigurationList = A8F2FD932BA47E05007E7598 /* Build configuration list for PBXNativeTarget "Ancient Lands" */;
			buildPhases = (
				A8F2FD812BA47E03007E7598 /* Sources */,
				A8F2FD822BA47E03007E7598 /* Frameworks */,
				A8F2FD832BA47E03007E7598 /* Resources */,
			);
			buildRules = (
			);
			dependencies = (
			);
			name = "Ancient Lands";
			packageProductDependencies = (
				A8F2FD9E2BA487F9007E7598 /* Lottie */,
			);
			productName = "Ancient Lands";
			productReference = A8F2FD852BA47E03007E7598 /* Ancient Lands.app */;
			productType = "com.apple.product-type.application";
		};
/* End PBXNativeTarget section */

/* Begin PBXProject section */
		A8F2FD7D2BA47E03007E7598 /* Project object */ = {
			isa = PBXProject;
			attributes = {
				BuildIndependentTargetsInParallel = 1;
				LastSwiftUpdateCheck = 1530;
				LastUpgradeCheck = 1530;
				TargetAttributes = {
					A8F2FD842BA47E03007E7598 = {
						CreatedOnToolsVersion = 15.3;
					};
				};
			};
			buildConfigurationList = A8F2FD802BA47E03007E7598 /* Build configuration list for PBXProject "Ancient Lands" */;
			compatibilityVersion = "Xcode 14.0";
			developmentRegion = en;
			hasScannedForEncodings = 0;
			knownRegions = (
				en,
				Base,
			);
			mainGroup = A8F2FD7C2BA47E03007E7598;
			packageReferences = (
				A8F2FD9D2BA487F9007E7598 /* XCRemoteSwiftPackageReference "lottie-ios" */,
			);
			productRefGroup = A8F2FD862BA47E03007E7598 /* Products */;
			projectDirPath = "";
			projectRoot = "";
			targets = (
				A8F2FD842BA47E03007E7598 /* Ancient Lands */,
			);
		};
/* End PBXProject section */

/* Begin PBXResourcesBuildPhase section */
		A8F2FD832BA47E03007E7598 /* Resources */ = {
			isa = PBXResourcesBuildPhase;
			buildActionMask = 2147483647;
			files = (
				A80538672BA499090067FEBB /* Montserrat-VariableFont_wght.ttf in Resources */,
				A8F2FD902BA47E05007E7598 /* Preview Assets.xcassets in Resources */,
				A80538652BA495050067FEBB /* MedievalSharp-Regular.ttf in Resources */,
				A80538692BA49B280067FEBB /* Launch Screen.storyboard in Resources */,
				A8F2FD8D2BA47E05007E7598 /* Assets.xcassets in Resources */,
			);
			runOnlyForDeploymentPostprocessing = 0;
		};
/* End PBXResourcesBuildPhase section */

/* Begin PBXSourcesBuildPhase section */
		A8F2FD812BA47E03007E7598 /* Sources */ = {
			isa = PBXSourcesBuildPhase;
			buildActionMask = 2147483647;
			files = (
				A87386172BAA1E46005C2123 /* CharacterCard.swift in Sources */,
				A8F2FD8B2BA47E03007E7598 /* LoadingView.swift in Sources */,
				A8378EC32BAC441F0099D5F1 /* AncientLandsCoreData.xcdatamodeld in Sources */,
				A8378EC72BAC4E820099D5F1 /* Functions.swift in Sources */,
				A82201D02BAA383C00E05C43 /* MainButtonStyle.swift in Sources */,
				A84A6A592BAB240B0059955B /* PickCardSet.swift in Sources */,
				A84A6A532BAB1F660059955B /* CharacterDetailView.swift in Sources */,
				A8378EC52BAC4DA90099D5F1 /* CoreDataManager.swift in Sources */,
				A84A6A512BAAFB0C0059955B /* OverlayView.swift in Sources */,
				A8F2FD892BA47E03007E7598 /* Ancient_LandsApp.swift in Sources */,
				A84A6A5D2BAB445A0059955B /* TypeStartCards.swift in Sources */,
				A84A6A612BAB5C020059955B /* BackCardSet.swift in Sources */,
				A84A6A5B2BAB2FC10059955B /* SmallCharacterCard.swift in Sources */,
				A8378ECB2BAC61940099D5F1 /* MainView.swift in Sources */,
				A84A6A572BAB23190059955B /* IconButtonStyle.swift in Sources */,
				A87386152BAA0F6C005C2123 /* ItemType.swift in Sources */,
				A84A6A5F2BAB4BDB0059955B /* BackOfCard.swift in Sources */,
				A84A6A632BAB62560059955B /* CardStorage.swift in Sources */,
				A87386132BAA0F5C005C2123 /* ItemCardModel.swift in Sources */,
				A84A6A672BAB72480059955B /* ItemCard.swift in Sources */,
				A82C61802BAB95A7005FFCCA /* CreateNameView.swift in Sources */,
				A84A6A552BAB21D40059955B /* AppSecondaryBar.swift in Sources */,
				A873860C2BA9EE5C005C2123 /* TypeOfCharacter.swift in Sources */,
				A82201CD2BAA336D00E05C43 /* ChooseCharacter.swift in Sources */,
				A8F2FD9C2BA482D1007E7598 /* LottieView.swift in Sources */,
				A82C61822BABA537005FFCCA /* KeyboardReadable.swift in Sources */,
				A87386112BA9F2F4005C2123 /* Equipment.swift in Sources */,
				A8378EC92BAC58720099D5F1 /* CharacterViewModel.swift in Sources */,
				A87386092BA9ED79005C2123 /* Character.swift in Sources */,
				A8378ECD2BAC72CE0099D5F1 /* SettingsView.swift in Sources */,
				A82201CA2BAA322400E05C43 /* AppBar.swift in Sources */,
			);
			runOnlyForDeploymentPostprocessing = 0;
		};
/* End PBXSourcesBuildPhase section */

/* Begin XCBuildConfiguration section */
		A8F2FD912BA47E05007E7598 /* Debug */ = {
			isa = XCBuildConfiguration;
			buildSettings = {
				ALWAYS_SEARCH_USER_PATHS = NO;
				ASSETCATALOG_COMPILER_GENERATE_SWIFT_ASSET_SYMBOL_EXTENSIONS = YES;
				CLANG_ANALYZER_NONNULL = YES;
				CLANG_ANALYZER_NUMBER_OBJECT_CONVERSION = YES_AGGRESSIVE;
				CLANG_CXX_LANGUAGE_STANDARD = "gnu++20";
				CLANG_ENABLE_MODULES = YES;
				CLANG_ENABLE_OBJC_ARC = YES;
				CLANG_ENABLE_OBJC_WEAK = YES;
				CLANG_WARN_BLOCK_CAPTURE_AUTORELEASING = YES;
				CLANG_WARN_BOOL_CONVERSION = YES;
				CLANG_WARN_COMMA = YES;
				CLANG_WARN_CONSTANT_CONVERSION = YES;
				CLANG_WARN_DEPRECATED_OBJC_IMPLEMENTATIONS = YES;
				CLANG_WARN_DIRECT_OBJC_ISA_USAGE = YES_ERROR;
				CLANG_WARN_DOCUMENTATION_COMMENTS = YES;
				CLANG_WARN_EMPTY_BODY = YES;
				CLANG_WARN_ENUM_CONVERSION = YES;
				CLANG_WARN_INFINITE_RECURSION = YES;
				CLANG_WARN_INT_CONVERSION = YES;
				CLANG_WARN_NON_LITERAL_NULL_CONVERSION = YES;
				CLANG_WARN_OBJC_IMPLICIT_RETAIN_SELF = YES;
				CLANG_WARN_OBJC_LITERAL_CONVERSION = YES;
				CLANG_WARN_OBJC_ROOT_CLASS = YES_ERROR;
				CLANG_WARN_QUOTED_INCLUDE_IN_FRAMEWORK_HEADER = YES;
				CLANG_WARN_RANGE_LOOP_ANALYSIS = YES;
				CLANG_WARN_STRICT_PROTOTYPES = YES;
				CLANG_WARN_SUSPICIOUS_MOVE = YES;
				CLANG_WARN_UNGUARDED_AVAILABILITY = YES_AGGRESSIVE;
				CLANG_WARN_UNREACHABLE_CODE = YES;
				CLANG_WARN__DUPLICATE_METHOD_MATCH = YES;
				COPY_PHASE_STRIP = NO;
				DEBUG_INFORMATION_FORMAT = dwarf;
				ENABLE_STRICT_OBJC_MSGSEND = YES;
				ENABLE_TESTABILITY = YES;
				ENABLE_USER_SCRIPT_SANDBOXING = YES;
				GCC_C_LANGUAGE_STANDARD = gnu17;
				GCC_DYNAMIC_NO_PIC = NO;
				GCC_NO_COMMON_BLOCKS = YES;
				GCC_OPTIMIZATION_LEVEL = 0;
				GCC_PREPROCESSOR_DEFINITIONS = (
					"DEBUG=1",
					"$(inherited)",
				);
				GCC_WARN_64_TO_32_BIT_CONVERSION = YES;
				GCC_WARN_ABOUT_RETURN_TYPE = YES_ERROR;
				GCC_WARN_UNDECLARED_SELECTOR = YES;
				GCC_WARN_UNINITIALIZED_AUTOS = YES_AGGRESSIVE;
				GCC_WARN_UNUSED_FUNCTION = YES;
				GCC_WARN_UNUSED_VARIABLE = YES;
				IPHONEOS_DEPLOYMENT_TARGET = 17.4;
				LOCALIZATION_PREFERS_STRING_CATALOGS = YES;
				MTL_ENABLE_DEBUG_INFO = INCLUDE_SOURCE;
				MTL_FAST_MATH = YES;
				ONLY_ACTIVE_ARCH = YES;
				SDKROOT = iphoneos;
				SWIFT_ACTIVE_COMPILATION_CONDITIONS = "DEBUG $(inherited)";
				SWIFT_OPTIMIZATION_LEVEL = "-Onone";
			};
			name = Debug;
		};
		A8F2FD922BA47E05007E7598 /* Release */ = {
			isa = XCBuildConfiguration;
			buildSettings = {
				ALWAYS_SEARCH_USER_PATHS = NO;
				ASSETCATALOG_COMPILER_GENERATE_SWIFT_ASSET_SYMBOL_EXTENSIONS = YES;
				CLANG_ANALYZER_NONNULL = YES;
				CLANG_ANALYZER_NUMBER_OBJECT_CONVERSION = YES_AGGRESSIVE;
				CLANG_CXX_LANGUAGE_STANDARD = "gnu++20";
				CLANG_ENABLE_MODULES = YES;
				CLANG_ENABLE_OBJC_ARC = YES;
				CLANG_ENABLE_OBJC_WEAK = YES;
				CLANG_WARN_BLOCK_CAPTURE_AUTORELEASING = YES;
				CLANG_WARN_BOOL_CONVERSION = YES;
				CLANG_WARN_COMMA = YES;
				CLANG_WARN_CONSTANT_CONVERSION = YES;
				CLANG_WARN_DEPRECATED_OBJC_IMPLEMENTATIONS = YES;
				CLANG_WARN_DIRECT_OBJC_ISA_USAGE = YES_ERROR;
				CLANG_WARN_DOCUMENTATION_COMMENTS = YES;
				CLANG_WARN_EMPTY_BODY = YES;
				CLANG_WARN_ENUM_CONVERSION = YES;
				CLANG_WARN_INFINITE_RECURSION = YES;
				CLANG_WARN_INT_CONVERSION = YES;
				CLANG_WARN_NON_LITERAL_NULL_CONVERSION = YES;
				CLANG_WARN_OBJC_IMPLICIT_RETAIN_SELF = YES;
				CLANG_WARN_OBJC_LITERAL_CONVERSION = YES;
				CLANG_WARN_OBJC_ROOT_CLASS = YES_ERROR;
				CLANG_WARN_QUOTED_INCLUDE_IN_FRAMEWORK_HEADER = YES;
				CLANG_WARN_RANGE_LOOP_ANALYSIS = YES;
				CLANG_WARN_STRICT_PROTOTYPES = YES;
				CLANG_WARN_SUSPICIOUS_MOVE = YES;
				CLANG_WARN_UNGUARDED_AVAILABILITY = YES_AGGRESSIVE;
				CLANG_WARN_UNREACHABLE_CODE = YES;
				CLANG_WARN__DUPLICATE_METHOD_MATCH = YES;
				COPY_PHASE_STRIP = NO;
				DEBUG_INFORMATION_FORMAT = "dwarf-with-dsym";
				ENABLE_NS_ASSERTIONS = NO;
				ENABLE_STRICT_OBJC_MSGSEND = YES;
				ENABLE_USER_SCRIPT_SANDBOXING = YES;
				GCC_C_LANGUAGE_STANDARD = gnu17;
				GCC_NO_COMMON_BLOCKS = YES;
				GCC_WARN_64_TO_32_BIT_CONVERSION = YES;
				GCC_WARN_ABOUT_RETURN_TYPE = YES_ERROR;
				GCC_WARN_UNDECLARED_SELECTOR = YES;
				GCC_WARN_UNINITIALIZED_AUTOS = YES_AGGRESSIVE;
				GCC_WARN_UNUSED_FUNCTION = YES;
				GCC_WARN_UNUSED_VARIABLE = YES;
				IPHONEOS_DEPLOYMENT_TARGET = 17.4;
				LOCALIZATION_PREFERS_STRING_CATALOGS = YES;
				MTL_ENABLE_DEBUG_INFO = NO;
				MTL_FAST_MATH = YES;
				SDKROOT = iphoneos;
				SWIFT_COMPILATION_MODE = wholemodule;
				VALIDATE_PRODUCT = YES;
			};
			name = Release;
		};
		A8F2FD942BA47E05007E7598 /* Debug */ = {
			isa = XCBuildConfiguration;
			buildSettings = {
				ASSETCATALOG_COMPILER_APPICON_NAME = AppIcon;
				ASSETCATALOG_COMPILER_GLOBAL_ACCENT_COLOR_NAME = AccentColor;
				CODE_SIGN_STYLE = Automatic;
				CURRENT_PROJECT_VERSION = 1;
				DEVELOPMENT_ASSET_PATHS = "\"Ancient Lands/Preview Content\"";
				DEVELOPMENT_TEAM = 3YB5DT95UW;
				ENABLE_PREVIEWS = YES;
				GENERATE_INFOPLIST_FILE = YES;
				INFOPLIST_FILE = "Ancient-Lands-Info.plist";
				INFOPLIST_KEY_UIApplicationSceneManifest_Generation = YES;
				INFOPLIST_KEY_UIApplicationSupportsIndirectInputEvents = YES;
				INFOPLIST_KEY_UILaunchScreen_Generation = YES;
				INFOPLIST_KEY_UILaunchStoryboardName = "Launch Screen.storyboard";
				INFOPLIST_KEY_UISupportedInterfaceOrientations = UIInterfaceOrientationPortrait;
				INFOPLIST_KEY_UISupportedInterfaceOrientations_iPad = "UIInterfaceOrientationPortrait UIInterfaceOrientationPortraitUpsideDown";
				LD_RUNPATH_SEARCH_PATHS = (
					"$(inherited)",
					"@executable_path/Frameworks",
				);
				MARKETING_VERSION = 1.0;
				PRODUCT_BUNDLE_IDENTIFIER = "com.yaroslavchlek.Ancient-Lands";
				PRODUCT_NAME = "$(TARGET_NAME)";
				SUPPORTED_PLATFORMS = "iphoneos iphonesimulator";
				SUPPORTS_MACCATALYST = NO;
				SUPPORTS_MAC_DESIGNED_FOR_IPHONE_IPAD = NO;
				SUPPORTS_XR_DESIGNED_FOR_IPHONE_IPAD = NO;
				SWIFT_EMIT_LOC_STRINGS = YES;
				SWIFT_VERSION = 5.0;
				TARGETED_DEVICE_FAMILY = "1,2";
			};
			name = Debug;
		};
		A8F2FD952BA47E05007E7598 /* Release */ = {
			isa = XCBuildConfiguration;
			buildSettings = {
				ASSETCATALOG_COMPILER_APPICON_NAME = AppIcon;
				ASSETCATALOG_COMPILER_GLOBAL_ACCENT_COLOR_NAME = AccentColor;
				CODE_SIGN_STYLE = Automatic;
				CURRENT_PROJECT_VERSION = 1;
				DEVELOPMENT_ASSET_PATHS = "\"Ancient Lands/Preview Content\"";
				DEVELOPMENT_TEAM = 3YB5DT95UW;
				ENABLE_PREVIEWS = YES;
				GENERATE_INFOPLIST_FILE = YES;
				INFOPLIST_FILE = "Ancient-Lands-Info.plist";
				INFOPLIST_KEY_UIApplicationSceneManifest_Generation = YES;
				INFOPLIST_KEY_UIApplicationSupportsIndirectInputEvents = YES;
				INFOPLIST_KEY_UILaunchScreen_Generation = YES;
				INFOPLIST_KEY_UILaunchStoryboardName = "Launch Screen.storyboard";
				INFOPLIST_KEY_UISupportedInterfaceOrientations = UIInterfaceOrientationPortrait;
				INFOPLIST_KEY_UISupportedInterfaceOrientations_iPad = "UIInterfaceOrientationPortrait UIInterfaceOrientationPortraitUpsideDown";
				LD_RUNPATH_SEARCH_PATHS = (
					"$(inherited)",
					"@executable_path/Frameworks",
				);
				MARKETING_VERSION = 1.0;
				PRODUCT_BUNDLE_IDENTIFIER = "com.yaroslavchlek.Ancient-Lands";
				PRODUCT_NAME = "$(TARGET_NAME)";
				SUPPORTED_PLATFORMS = "iphoneos iphonesimulator";
				SUPPORTS_MACCATALYST = NO;
				SUPPORTS_MAC_DESIGNED_FOR_IPHONE_IPAD = NO;
				SUPPORTS_XR_DESIGNED_FOR_IPHONE_IPAD = NO;
				SWIFT_EMIT_LOC_STRINGS = YES;
				SWIFT_VERSION = 5.0;
				TARGETED_DEVICE_FAMILY = "1,2";
			};
			name = Release;
		};
/* End XCBuildConfiguration section */

/* Begin XCConfigurationList section */
		A8F2FD802BA47E03007E7598 /* Build configuration list for PBXProject "Ancient Lands" */ = {
			isa = XCConfigurationList;
			buildConfigurations = (
				A8F2FD912BA47E05007E7598 /* Debug */,
				A8F2FD922BA47E05007E7598 /* Release */,
			);
			defaultConfigurationIsVisible = 0;
			defaultConfigurationName = Release;
		};
		A8F2FD932BA47E05007E7598 /* Build configuration list for PBXNativeTarget "Ancient Lands" */ = {
			isa = XCConfigurationList;
			buildConfigurations = (
				A8F2FD942BA47E05007E7598 /* Debug */,
				A8F2FD952BA47E05007E7598 /* Release */,
			);
			defaultConfigurationIsVisible = 0;
			defaultConfigurationName = Release;
		};
/* End XCConfigurationList section */

/* Begin XCRemoteSwiftPackageReference section */
		A8F2FD9D2BA487F9007E7598 /* XCRemoteSwiftPackageReference "lottie-ios" */ = {
			isa = XCRemoteSwiftPackageReference;
			repositoryURL = "https://github.com/airbnb/lottie-ios";
			requirement = {
				kind = upToNextMajorVersion;
				minimumVersion = 4.4.1;
			};
		};
/* End XCRemoteSwiftPackageReference section */

/* Begin XCSwiftPackageProductDependency section */
		A8F2FD9E2BA487F9007E7598 /* Lottie */ = {
			isa = XCSwiftPackageProductDependency;
			package = A8F2FD9D2BA487F9007E7598 /* XCRemoteSwiftPackageReference "lottie-ios" */;
			productName = Lottie;
		};
/* End XCSwiftPackageProductDependency section */

/* Begin XCVersionGroup section */
		A8378EC12BAC441F0099D5F1 /* AncientLandsCoreData.xcdatamodeld */ = {
			isa = XCVersionGroup;
			children = (
				A8378EC22BAC441F0099D5F1 /* AncientLandsCoreData.xcdatamodel */,
			);
			currentVersion = A8378EC22BAC441F0099D5F1 /* AncientLandsCoreData.xcdatamodel */;
			name = AncientLandsCoreData.xcdatamodeld;
			path = "/Users/yaroslavchlek/Documents/GitHub/Ancient-Lands/Ancient Lands/Data/AncientLandsCoreData.xcdatamodeld";
			sourceTree = "<group>";
			versionGroupType = wrapper.xcdatamodel;
		};
/* End XCVersionGroup section */
	};
	rootObject = A8F2FD7D2BA47E03007E7598 /* Project object */;
}
