{
  "originHash" : "ed07d023fde5cf247b3683f93b68a29f513084afde8834259e9014048e56ee35",
  "pins" : [
    {
      "identity" : "lottie-ios",
      "kind" : "remoteSourceControl",
      "location" : "https://github.com/airbnb/lottie-ios",
      "state" : {
        "revision" : "7fe8b6f697ae7db4bf0df270119592cb5d502848",
        "version" : "4.4.1"
      }
    },
    {
      "identity" : "toastui",
      "kind" : "remoteSourceControl",
      "location" : "https://github.com/quanshousio/ToastUI",
      "state" : {
        "revision" : "1828801ea49e2ab900ca5e6bb18245312fda66a2",
        "version" : "3.0.1"
      }
    }
  ],
  "version" : 3
}
